
Microsoft Visual Studio Solution File, Format Version 12.00
# Visual Studio 15
VisualStudioVersion = 15.0.28010.2036
MinimumVisualStudioVersion = 10.0.40219.1
Project("{9A19103F-16F7-4668-BE54-9A1E7A4F7556}") = "AspNetCore", "AspNetCore.csproj", "{38ADD31E-08AA-452C-BEDE-84B59C32A5DF}"
EndProject
Global
	GlobalSection(SolutionConfigurationPlatforms) = preSolution
		Debug|Any CPU = Debug|Any CPU
		Release|Any CPU = Release|Any CPU
	EndGlobalSection
	GlobalSection(ProjectConfigurationPlatforms) = postSolution
		{38ADD31E-08AA-452C-BEDE-84B59C32A5DF}.Debug|Any CPU.ActiveCfg = Debug|Any CPU
		{38ADD31E-08AA-452C-BEDE-84B59C32A5DF}.Debug|Any CPU.Build.0 = Debug|Any CPU
		{38ADD31E-08AA-452C-BEDE-84B59C32A5DF}.Release|Any CPU.ActiveCfg = Release|Any CPU
		{38ADD31E-08AA-452C-BEDE-84B59C32A5DF}.Release|Any CPU.Build.0 = Release|Any CPU
	EndGlobalSection
	GlobalSection(SolutionProperties) = preSolution
		HideSolutionNode = FALSE
	EndGlobalSection
	GlobalSection(ExtensibilityGlobals) = postSolution
		SolutionGuid = {4A23D3E2-3BEA-4FAF-9640-1FC184603107}
	EndGlobalSection
EndGlobal
